
Microsoft Visual Studio Solution File, Format Version 12.00
# Visual Studio Version 17
VisualStudioVersion = 17.14.36429.23
MinimumVisualStudioVersion = 10.0.40219.1
Project("{FAE04EC0-301F-11D3-BF4B-00C04F79EFBC}") = "WebbShop", "WebbShop.csproj", "{AF1E573F-A535-4BE1-964B-DF3F81176FA7}"
EndProject
Project("{FAE04EC0-301F-11D3-BF4B-00C04F79EFBC}") = "WebbShopOT", "..\WebbShopOT\WebbShopOT.csproj", "{0C82B5EF-C160-41F9-8A63-B1DBEA5F6827}"
EndProject
Project("{FAE04EC0-301F-11D3-BF4B-00C04F79EFBC}") = "WebbShop.Shared", "..\WebbShop.Shared\WebbShop.Shared.csproj", "{46291B67-E6F8-4AC7-BB13-6F61AED3D7AB}"
EndProject
Project("{FAE04EC0-301F-11D3-BF4B-00C04F79EFBC}") = "Integrator", "..\Integrator\Integrator.csproj", "{4AA593EC-10F2-4C9B-8079-80B46013C4CC}"
EndProject
Global
	GlobalSection(SolutionConfigurationPlatforms) = preSolution
		Debug|Any CPU = Debug|Any CPU
		Release|Any CPU = Release|Any CPU
	EndGlobalSection
	GlobalSection(ProjectConfigurationPlatforms) = postSolution
		{AF1E573F-A535-4BE1-964B-DF3F81176FA7}.Debug|Any CPU.ActiveCfg = Debug|Any CPU
		{AF1E573F-A535-4BE1-964B-DF3F81176FA7}.Debug|Any CPU.Build.0 = Debug|Any CPU
		{AF1E573F-A535-4BE1-964B-DF3F81176FA7}.Release|Any CPU.ActiveCfg = Release|Any CPU
		{AF1E573F-A535-4BE1-964B-DF3F81176FA7}.Release|Any CPU.Build.0 = Release|Any CPU
		{0C82B5EF-C160-41F9-8A63-B1DBEA5F6827}.Debug|Any CPU.ActiveCfg = Debug|Any CPU
		{0C82B5EF-C160-41F9-8A63-B1DBEA5F6827}.Debug|Any CPU.Build.0 = Debug|Any CPU
		{0C82B5EF-C160-41F9-8A63-B1DBEA5F6827}.Release|Any CPU.ActiveCfg = Release|Any CPU
		{0C82B5EF-C160-41F9-8A63-B1DBEA5F6827}.Release|Any CPU.Build.0 = Release|Any CPU
		{46291B67-E6F8-4AC7-BB13-6F61AED3D7AB}.Debug|Any CPU.ActiveCfg = Debug|Any CPU
		{46291B67-E6F8-4AC7-BB13-6F61AED3D7AB}.Debug|Any CPU.Build.0 = Debug|Any CPU
		{46291B67-E6F8-4AC7-BB13-6F61AED3D7AB}.Release|Any CPU.ActiveCfg = Release|Any CPU
		{46291B67-E6F8-4AC7-BB13-6F61AED3D7AB}.Release|Any CPU.Build.0 = Release|Any CPU
		{4AA593EC-10F2-4C9B-8079-80B46013C4CC}.Debug|Any CPU.ActiveCfg = Debug|Any CPU
		{4AA593EC-10F2-4C9B-8079-80B46013C4CC}.Debug|Any CPU.Build.0 = Debug|Any CPU
		{4AA593EC-10F2-4C9B-8079-80B46013C4CC}.Release|Any CPU.ActiveCfg = Release|Any CPU
		{4AA593EC-10F2-4C9B-8079-80B46013C4CC}.Release|Any CPU.Build.0 = Release|Any CPU
	EndGlobalSection
	GlobalSection(SolutionProperties) = preSolution
		HideSolutionNode = FALSE
	EndGlobalSection
	GlobalSection(ExtensibilityGlobals) = postSolution
		SolutionGuid = {FF85AD58-AADA-415F-85AD-CC7F93A7C75A}
	EndGlobalSection
EndGlobal
